
Microsoft Visual Studio Solution File, Format Version 12.00
# Visual Studio Version 16
VisualStudioVersion = 16.0.30204.135
MinimumVisualStudioVersion = 10.0.40219.1
Project("{8BC9CEB8-8B4A-11D0-8D11-00A0C91BC942}") = "B02_Aufgabe02", "B02_Aufgabe02\B02_Aufgabe02.vcxproj", "{450AB78D-C8DC-45A2-BA6B-49DB33102690}"
EndProject
Project("{8BC9CEB8-8B4A-11D0-8D11-00A0C91BC942}") = "B02_Aufgabe03A", "B02_Aufgabe03A\B02_Aufgabe03A.vcxproj", "{F41D5163-B93C-40EB-A03B-A813AA583917}"
EndProject
Project("{8BC9CEB8-8B4A-11D0-8D11-00A0C91BC942}") = "A06_Stringlen", "A06_Stringlen\A06_Stringlen.vcxproj", "{81179D84-09CC-4F45-81F0-2248511311F5}"
EndProject
Project("{8BC9CEB8-8B4A-11D0-8D11-00A0C91BC942}") = "A06_StringlenV2", "A06_StringlenV2\A06_StringlenV2.vcxproj", "{BF23E7FE-90C8-4283-8A59-811F668BC38E}"
EndProject
Project("{8BC9CEB8-8B4A-11D0-8D11-00A0C91BC942}") = "A06_StringlenV3", "A06_StringlenV3\A06_StringlenV3.vcxproj", "{A5FC900A-FEC1-453E-B57C-AED3D61566B6}"
EndProject
Project("{8BC9CEB8-8B4A-11D0-8D11-00A0C91BC942}") = "Aufgabe07", "Aufgabe07\Aufgabe07.vcxproj", "{E6C9D7B5-D0EB-4AB4-A1DD-DB51A5482239}"
EndProject
Project("{8BC9CEB8-8B4A-11D0-8D11-00A0C91BC942}") = "Aufgabe08", "Aufgabe08\Aufgabe08.vcxproj", "{C9E29B8B-8D47-4CD8-91A5-3C0CA7CCF9AF}"
EndProject
Project("{8BC9CEB8-8B4A-11D0-8D11-00A0C91BC942}") = "Aufgabe09", "Aufgabe09\Aufgabe09.vcxproj", "{51BE983B-8454-434B-AFE7-22BEE95C14D3}"
EndProject
Project("{8BC9CEB8-8B4A-11D0-8D11-00A0C91BC942}") = "Aufgabe10", "Aufgabe10\Aufgabe10.vcxproj", "{E302C6B8-BEA6-4C88-BCFD-9591A5C392E3}"
EndProject
Project("{8BC9CEB8-8B4A-11D0-8D11-00A0C91BC942}") = "Aufgabe11", "Aufgabe11\Aufgabe11.vcxproj", "{E5B7B848-EF44-48C3-B7C1-9CBD91F6E8E9}"
EndProject
Global
	GlobalSection(SolutionConfigurationPlatforms) = preSolution
		Debug|x64 = Debug|x64
		Debug|x86 = Debug|x86
		Release|x64 = Release|x64
		Release|x86 = Release|x86
	EndGlobalSection
	GlobalSection(ProjectConfigurationPlatforms) = postSolution
		{450AB78D-C8DC-45A2-BA6B-49DB33102690}.Debug|x64.ActiveCfg = Debug|x64
		{450AB78D-C8DC-45A2-BA6B-49DB33102690}.Debug|x64.Build.0 = Debug|x64
		{450AB78D-C8DC-45A2-BA6B-49DB33102690}.Debug|x86.ActiveCfg = Debug|Win32
		{450AB78D-C8DC-45A2-BA6B-49DB33102690}.Debug|x86.Build.0 = Debug|Win32
		{450AB78D-C8DC-45A2-BA6B-49DB33102690}.Release|x64.ActiveCfg = Release|x64
		{450AB78D-C8DC-45A2-BA6B-49DB33102690}.Release|x64.Build.0 = Release|x64
		{450AB78D-C8DC-45A2-BA6B-49DB33102690}.Release|x86.ActiveCfg = Release|Win32
		{450AB78D-C8DC-45A2-BA6B-49DB33102690}.Release|x86.Build.0 = Release|Win32
		{F41D5163-B93C-40EB-A03B-A813AA583917}.Debug|x64.ActiveCfg = Debug|x64
		{F41D5163-B93C-40EB-A03B-A813AA583917}.Debug|x64.Build.0 = Debug|x64
		{F41D5163-B93C-40EB-A03B-A813AA583917}.Debug|x86.ActiveCfg = Debug|Win32
		{F41D5163-B93C-40EB-A03B-A813AA583917}.Debug|x86.Build.0 = Debug|Win32
		{F41D5163-B93C-40EB-A03B-A813AA583917}.Release|x64.ActiveCfg = Release|x64
		{F41D5163-B93C-40EB-A03B-A813AA583917}.Release|x64.Build.0 = Release|x64
		{F41D5163-B93C-40EB-A03B-A813AA583917}.Release|x86.ActiveCfg = Release|Win32
		{F41D5163-B93C-40EB-A03B-A813AA583917}.Release|x86.Build.0 = Release|Win32
		{81179D84-09CC-4F45-81F0-2248511311F5}.Debug|x64.ActiveCfg = Debug|x64
		{81179D84-09CC-4F45-81F0-2248511311F5}.Debug|x64.Build.0 = Debug|x64
		{81179D84-09CC-4F45-81F0-2248511311F5}.Debug|x86.ActiveCfg = Debug|Win32
		{81179D84-09CC-4F45-81F0-2248511311F5}.Debug|x86.Build.0 = Debug|Win32
		{81179D84-09CC-4F45-81F0-2248511311F5}.Release|x64.ActiveCfg = Release|x64
		{81179D84-09CC-4F45-81F0-2248511311F5}.Release|x64.Build.0 = Release|x64
		{81179D84-09CC-4F45-81F0-2248511311F5}.Release|x86.ActiveCfg = Release|Win32
		{81179D84-09CC-4F45-81F0-2248511311F5}.Release|x86.Build.0 = Release|Win32
		{BF23E7FE-90C8-4283-8A59-811F668BC38E}.Debug|x64.ActiveCfg = Debug|x64
		{BF23E7FE-90C8-4283-8A59-811F668BC38E}.Debug|x64.Build.0 = Debug|x64
		{BF23E7FE-90C8-4283-8A59-811F668BC38E}.Debug|x86.ActiveCfg = Debug|Win32
		{BF23E7FE-90C8-4283-8A59-811F668BC38E}.Debug|x86.Build.0 = Debug|Win32
		{BF23E7FE-90C8-4283-8A59-811F668BC38E}.Release|x64.ActiveCfg = Release|x64
		{BF23E7FE-90C8-4283-8A59-811F668BC38E}.Release|x64.Build.0 = Release|x64
		{BF23E7FE-90C8-4283-8A59-811F668BC38E}.Release|x86.ActiveCfg = Release|Win32
		{BF23E7FE-90C8-4283-8A59-811F668BC38E}.Release|x86.Build.0 = Release|Win32
		{A5FC900A-FEC1-453E-B57C-AED3D61566B6}.Debug|x64.ActiveCfg = Debug|x64
		{A5FC900A-FEC1-453E-B57C-AED3D61566B6}.Debug|x64.Build.0 = Debug|x64
		{A5FC900A-FEC1-453E-B57C-AED3D61566B6}.Debug|x86.ActiveCfg = Debug|Win32
		{A5FC900A-FEC1-453E-B57C-AED3D61566B6}.Debug|x86.Build.0 = Debug|Win32
		{A5FC900A-FEC1-453E-B57C-AED3D61566B6}.Release|x64.ActiveCfg = Release|x64
		{A5FC900A-FEC1-453E-B57C-AED3D61566B6}.Release|x64.Build.0 = Release|x64
		{A5FC900A-FEC1-453E-B57C-AED3D61566B6}.Release|x86.ActiveCfg = Release|Win32
		{A5FC900A-FEC1-453E-B57C-AED3D61566B6}.Release|x86.Build.0 = Release|Win32
		{E6C9D7B5-D0EB-4AB4-A1DD-DB51A5482239}.Debug|x64.ActiveCfg = Debug|x64
		{E6C9D7B5-D0EB-4AB4-A1DD-DB51A5482239}.Debug|x64.Build.0 = Debug|x64
		{E6C9D7B5-D0EB-4AB4-A1DD-DB51A5482239}.Debug|x86.ActiveCfg = Debug|Win32
		{E6C9D7B5-D0EB-4AB4-A1DD-DB51A5482239}.Debug|x86.Build.0 = Debug|Win32
		{E6C9D7B5-D0EB-4AB4-A1DD-DB51A5482239}.Release|x64.ActiveCfg = Release|x64
		{E6C9D7B5-D0EB-4AB4-A1DD-DB51A5482239}.Release|x64.Build.0 = Release|x64
		{E6C9D7B5-D0EB-4AB4-A1DD-DB51A5482239}.Release|x86.ActiveCfg = Release|Win32
		{E6C9D7B5-D0EB-4AB4-A1DD-DB51A5482239}.Release|x86.Build.0 = Release|Win32
		{C9E29B8B-8D47-4CD8-91A5-3C0CA7CCF9AF}.Debug|x64.ActiveCfg = Debug|x64
		{C9E29B8B-8D47-4CD8-91A5-3C0CA7CCF9AF}.Debug|x64.Build.0 = Debug|x64
		{C9E29B8B-8D47-4CD8-91A5-3C0CA7CCF9AF}.Debug|x86.ActiveCfg = Debug|Win32
		{C9E29B8B-8D47-4CD8-91A5-3C0CA7CCF9AF}.Debug|x86.Build.0 = Debug|Win32
		{C9E29B8B-8D47-4CD8-91A5-3C0CA7CCF9AF}.Release|x64.ActiveCfg = Release|x64
		{C9E29B8B-8D47-4CD8-91A5-3C0CA7CCF9AF}.Release|x64.Build.0 = Release|x64
		{C9E29B8B-8D47-4CD8-91A5-3C0CA7CCF9AF}.Release|x86.ActiveCfg = Release|Win32
		{C9E29B8B-8D47-4CD8-91A5-3C0CA7CCF9AF}.Release|x86.Build.0 = Release|Win32
		{51BE983B-8454-434B-AFE7-22BEE95C14D3}.Debug|x64.ActiveCfg = Debug|x64
		{51BE983B-8454-434B-AFE7-22BEE95C14D3}.Debug|x64.Build.0 = Debug|x64
		{51BE983B-8454-434B-AFE7-22BEE95C14D3}.Debug|x86.ActiveCfg = Debug|Win32
		{51BE983B-8454-434B-AFE7-22BEE95C14D3}.Debug|x86.Build.0 = Debug|Win32
		{51BE983B-8454-434B-AFE7-22BEE95C14D3}.Release|x64.ActiveCfg = Release|x64
		{51BE983B-8454-434B-AFE7-22BEE95C14D3}.Release|x64.Build.0 = Release|x64
		{51BE983B-8454-434B-AFE7-22BEE95C14D3}.Release|x86.ActiveCfg = Release|Win32
		{51BE983B-8454-434B-AFE7-22BEE95C14D3}.Release|x86.Build.0 = Release|Win32
		{E302C6B8-BEA6-4C88-BCFD-9591A5C392E3}.Debug|x64.ActiveCfg = Debug|x64
		{E302C6B8-BEA6-4C88-BCFD-9591A5C392E3}.Debug|x64.Build.0 = Debug|x64
		{E302C6B8-BEA6-4C88-BCFD-9591A5C392E3}.Debug|x86.ActiveCfg = Debug|Win32
		{E302C6B8-BEA6-4C88-BCFD-9591A5C392E3}.Debug|x86.Build.0 = Debug|Win32
		{E302C6B8-BEA6-4C88-BCFD-9591A5C392E3}.Release|x64.ActiveCfg = Release|x64
		{E302C6B8-BEA6-4C88-BCFD-9591A5C392E3}.Release|x64.Build.0 = Release|x64
		{E302C6B8-BEA6-4C88-BCFD-9591A5C392E3}.Release|x86.ActiveCfg = Release|Win32
		{E302C6B8-BEA6-4C88-BCFD-9591A5C392E3}.Release|x86.Build.0 = Release|Win32
		{E5B7B848-EF44-48C3-B7C1-9CBD91F6E8E9}.Debug|x64.ActiveCfg = Debug|x64
		{E5B7B848-EF44-48C3-B7C1-9CBD91F6E8E9}.Debug|x64.Build.0 = Debug|x64
		{E5B7B848-EF44-48C3-B7C1-9CBD91F6E8E9}.Debug|x86.ActiveCfg = Debug|Win32
		{E5B7B848-EF44-48C3-B7C1-9CBD91F6E8E9}.Debug|x86.Build.0 = Debug|Win32
		{E5B7B848-EF44-48C3-B7C1-9CBD91F6E8E9}.Release|x64.ActiveCfg = Release|x64
		{E5B7B848-EF44-48C3-B7C1-9CBD91F6E8E9}.Release|x64.Build.0 = Release|x64
		{E5B7B848-EF44-48C3-B7C1-9CBD91F6E8E9}.Release|x86.ActiveCfg = Release|Win32
		{E5B7B848-EF44-48C3-B7C1-9CBD91F6E8E9}.Release|x86.Build.0 = Release|Win32
	EndGlobalSection
	GlobalSection(SolutionProperties) = preSolution
		HideSolutionNode = FALSE
	EndGlobalSection
	GlobalSection(ExtensibilityGlobals) = postSolution
		SolutionGuid = {31ABC2CD-7ED9-491C-8AE7-0375FB53C818}
	EndGlobalSection
EndGlobal
